// !$*UTF8*$!
{
	archiveVersion = 1;
	classes = {
	};
	objectVersion = 55;
	objects = {

/* Begin PBXBuildFile section */
		874EB1302809D6070055D0F0 /* AppDelegate.swift in Sources */ = {isa = PBXBuildFile; fileRef = 874EB12F2809D6070055D0F0 /* AppDelegate.swift */; };
		874EB1322809D6070055D0F0 /* SceneDelegate.swift in Sources */ = {isa = PBXBuildFile; fileRef = 874EB1312809D6070055D0F0 /* SceneDelegate.swift */; };
		874EB1342809D6070055D0F0 /* ViewController.swift in Sources */ = {isa = PBXBuildFile; fileRef = 874EB1332809D6070055D0F0 /* ViewController.swift */; };
		874EB1372809D6070055D0F0 /* Main.storyboard in Resources */ = {isa = PBXBuildFile; fileRef = 874EB1352809D6070055D0F0 /* Main.storyboard */; };
		874EB1392809D60A0055D0F0 /* Assets.xcassets in Resources */ = {isa = PBXBuildFile; fileRef = 874EB1382809D60A0055D0F0 /* Assets.xcassets */; };
		874EB13C2809D60A0055D0F0 /* LaunchScreen.storyboard in Resources */ = {isa = PBXBuildFile; fileRef = 874EB13A2809D60A0055D0F0 /* LaunchScreen.storyboard */; };
		874EB1472809D60A0055D0F0 /* IMDBProjectTests.swift in Sources */ = {isa = PBXBuildFile; fileRef = 874EB1462809D60A0055D0F0 /* IMDBProjectTests.swift */; };
		874EB1512809D60A0055D0F0 /* IMDBProjectUITests.swift in Sources */ = {isa = PBXBuildFile; fileRef = 874EB1502809D60A0055D0F0 /* IMDBProjectUITests.swift */; };
		874EB1532809D60A0055D0F0 /* IMDBProjectUITestsLaunchTests.swift in Sources */ = {isa = PBXBuildFile; fileRef = 874EB1522809D60A0055D0F0 /* IMDBProjectUITestsLaunchTests.swift */; };
/* End PBXBuildFile section */

/* Begin PBXContainerItemProxy section */
		874EB1432809D60A0055D0F0 /* PBXContainerItemProxy */ = {
			isa = PBXContainerItemProxy;
			containerPortal = 874EB1242809D6070055D0F0 /* Project object */;
			proxyType = 1;
			remoteGlobalIDString = 874EB12B2809D6070055D0F0;
			remoteInfo = IMDBProject;
		};
		874EB14D2809D60A0055D0F0 /* PBXContainerItemProxy */ = {
			isa = PBXContainerItemProxy;
			containerPortal = 874EB1242809D6070055D0F0 /* Project object */;
			proxyType = 1;
			remoteGlobalIDString = 874EB12B2809D6070055D0F0;
			remoteInfo = IMDBProject;
		};
/* End PBXContainerItemProxy section */

/* Begin PBXFileReference section */
		874EB12C2809D6070055D0F0 /* IMDBProject.app */ = {isa = PBXFileReference; explicitFileType = wrapper.application; includeInIndex = 0; path = IMDBProject.app; sourceTree = BUILT_PRODUCTS_DIR; };
		874EB12F2809D6070055D0F0 /* AppDelegate.swift */ = {isa = PBXFileReference; lastKnownFileType = sourcecode.swift; path = AppDelegate.swift; sourceTree = "<group>"; };
		874EB1312809D6070055D0F0 /* SceneDelegate.swift */ = {isa = PBXFileReference; lastKnownFileType = sourcecode.swift; path = SceneDelegate.swift; sourceTree = "<group>"; };
		874EB1332809D6070055D0F0 /* ViewController.swift */ = {isa = PBXFileReference; lastKnownFileType = sourcecode.swift; path = ViewController.swift; sourceTree = "<group>"; };
		874EB1362809D6070055D0F0 /* Base */ = {isa = PBXFileReference; lastKnownFileType = file.storyboard; name = Base; path = Base.lproj/Main.storyboard; sourceTree = "<group>"; };
		874EB1382809D60A0055D0F0 /* Assets.xcassets */ = {isa = PBXFileReference; lastKnownFileType = folder.assetcatalog; path = Assets.xcassets; sourceTree = "<group>"; };
		874EB13B2809D60A0055D0F0 /* Base */ = {isa = PBXFileReference; lastKnownFileType = file.storyboard; name = Base; path = Base.lproj/LaunchScreen.storyboard; sourceTree = "<group>"; };
		874EB13D2809D60A0055D0F0 /* Info.plist */ = {isa = PBXFileReference; lastKnownFileType = text.plist.xml; path = Info.plist; sourceTree = "<group>"; };
		874EB1422809D60A0055D0F0 /* IMDBProjectTests.xctest */ = {isa = PBXFileReference; explicitFileType = wrapper.cfbundle; includeInIndex = 0; path = IMDBProjectTests.xctest; sourceTree = BUILT_PRODUCTS_DIR; };
		874EB1462809D60A0055D0F0 /* IMDBProjectTests.swift */ = {isa = PBXFileReference; lastKnownFileType = sourcecode.swift; path = IMDBProjectTests.swift; sourceTree = "<group>"; };
		874EB14C2809D60A0055D0F0 /* IMDBProjectUITests.xctest */ = {isa = PBXFileReference; explicitFileType = wrapper.cfbundle; includeInIndex = 0; path = IMDBProjectUITests.xctest; sourceTree = BUILT_PRODUCTS_DIR; };
		874EB1502809D60A0055D0F0 /* IMDBProjectUITests.swift */ = {isa = PBXFileReference; lastKnownFileType = sourcecode.swift; path = IMDBProjectUITests.swift; sourceTree = "<group>"; };
		874EB1522809D60A0055D0F0 /* IMDBProjectUITestsLaunchTests.swift */ = {isa = PBXFileReference; lastKnownFileType = sourcecode.swift; path = IMDBProjectUITestsLaunchTests.swift; sourceTree = "<group>"; };
/* End PBXFileReference section */

/* Begin PBXFrameworksBuildPhase section */
		874EB1292809D6070055D0F0 /* Frameworks */ = {
			isa = PBXFrameworksBuildPhase;
			buildActionMask = 2147483647;
			files = (
			);
			runOnlyForDeploymentPostprocessing = 0;
		};
		874EB13F2809D60A0055D0F0 /* Frameworks */ = {
			isa = PBXFrameworksBuildPhase;
			buildActionMask = 2147483647;
			files = (
			);
			runOnlyForDeploymentPostprocessing = 0;
		};
		874EB1492809D60A0055D0F0 /* Frameworks */ = {
			isa = PBXFrameworksBuildPhase;
			buildActionMask = 2147483647;
			files = (
			);
			runOnlyForDeploymentPostprocessing = 0;
		};
/* End PBXFrameworksBuildPhase section */

/* Begin PBXGroup section */
		874EB1232809D6070055D0F0 = {
			isa = PBXGroup;
			children = (
				874EB12E2809D6070055D0F0 /* IMDBProject */,
				874EB1452809D60A0055D0F0 /* IMDBProjectTests */,
				874EB14F2809D60A0055D0F0 /* IMDBProjectUITests */,
				874EB12D2809D6070055D0F0 /* Products */,
			);
			sourceTree = "<group>";
		};
		874EB12D2809D6070055D0F0 /* Products */ = {
			isa = PBXGroup;
			children = (
				874EB12C2809D6070055D0F0 /* IMDBProject.app */,
				874EB1422809D60A0055D0F0 /* IMDBProjectTests.xctest */,
				874EB14C2809D60A0055D0F0 /* IMDBProjectUITests.xctest */,
			);
			name = Products;
			sourceTree = "<group>";
		};
		874EB12E2809D6070055D0F0 /* IMDBProject */ = {
			isa = PBXGroup;
			children = (
				874EB12F2809D6070055D0F0 /* AppDelegate.swift */,
				874EB1312809D6070055D0F0 /* SceneDelegate.swift */,
				874EB1332809D6070055D0F0 /* ViewController.swift */,
				874EB1352809D6070055D0F0 /* Main.storyboard */,
				874EB1382809D60A0055D0F0 /* Assets.xcassets */,
				874EB13A2809D60A0055D0F0 /* LaunchScreen.storyboard */,
				874EB13D2809D60A0055D0F0 /* Info.plist */,
			);
			path = IMDBProject;
			sourceTree = "<group>";
		};
		874EB1452809D60A0055D0F0 /* IMDBProjectTests */ = {
			isa = PBXGroup;
			children = (
				874EB1462809D60A0055D0F0 /* IMDBProjectTests.swift */,
			);
			path = IMDBProjectTests;
			sourceTree = "<group>";
		};
		874EB14F2809D60A0055D0F0 /* IMDBProjectUITests */ = {
			isa = PBXGroup;
			children = (
				874EB1502809D60A0055D0F0 /* IMDBProjectUITests.swift */,
				874EB1522809D60A0055D0F0 /* IMDBProjectUITestsLaunchTests.swift */,
			);
			path = IMDBProjectUITests;
			sourceTree = "<group>";
		};
/* End PBXGroup section */

/* Begin PBXNativeTarget section */
		874EB12B2809D6070055D0F0 /* IMDBProject */ = {
			isa = PBXNativeTarget;
			buildConfigurationList = 874EB1562809D60A0055D0F0 /* Build configuration list for PBXNativeTarget "IMDBProject" */;
			buildPhases = (
				874EB1282809D6070055D0F0 /* Sources */,
				874EB1292809D6070055D0F0 /* Frameworks */,
				874EB12A2809D6070055D0F0 /* Resources */,
			);
			buildRules = (
			);
			dependencies = (
			);
			name = IMDBProject;
			productName = IMDBProject;
			productReference = 874EB12C2809D6070055D0F0 /* IMDBProject.app */;
			productType = "com.apple.product-type.application";
		};
		874EB1412809D60A0055D0F0 /* IMDBProjectTests */ = {
			isa = PBXNativeTarget;
			buildConfigurationList = 874EB1592809D60A0055D0F0 /* Build configuration list for PBXNativeTarget "IMDBProjectTests" */;
			buildPhases = (
				874EB13E2809D60A0055D0F0 /* Sources */,
				874EB13F2809D60A0055D0F0 /* Frameworks */,
				874EB1402809D60A0055D0F0 /* Resources */,
			);
			buildRules = (
			);
			dependencies = (
				874EB1442809D60A0055D0F0 /* PBXTargetDependency */,
			);
			name = IMDBProjectTests;
			productName = IMDBProjectTests;
			productReference = 874EB1422809D60A0055D0F0 /* IMDBProjectTests.xctest */;
			productType = "com.apple.product-type.bundle.unit-test";
		};
		874EB14B2809D60A0055D0F0 /* IMDBProjectUITests */ = {
			isa = PBXNativeTarget;
			buildConfigurationList = 874EB15C2809D60A0055D0F0 /* Build configuration list for PBXNativeTarget "IMDBProjectUITests" */;
			buildPhases = (
				874EB1482809D60A0055D0F0 /* Sources */,
				874EB1492809D60A0055D0F0 /* Frameworks */,
				874EB14A2809D60A0055D0F0 /* Resources */,
			);
			buildRules = (
			);
			dependencies = (
				874EB14E2809D60A0055D0F0 /* PBXTargetDependency */,
			);
			name = IMDBProjectUITests;
			productName = IMDBProjectUITests;
			productReference = 874EB14C2809D60A0055D0F0 /* IMDBProjectUITests.xctest */;
			productType = "com.apple.product-type.bundle.ui-testing";
		};
/* End PBXNativeTarget section */

/* Begin PBXProject section */
		874EB1242809D6070055D0F0 /* Project object */ = {
			isa = PBXProject;
			attributes = {
				BuildIndependentTargetsInParallel = 1;
				LastSwiftUpdateCheck = 1320;
				LastUpgradeCheck = 1320;
				TargetAttributes = {
					874EB12B2809D6070055D0F0 = {
						CreatedOnToolsVersion = 13.2.1;
					};
					874EB1412809D60A0055D0F0 = {
						CreatedOnToolsVersion = 13.2.1;
						TestTargetID = 874EB12B2809D6070055D0F0;
					};
					874EB14B2809D60A0055D0F0 = {
						CreatedOnToolsVersion = 13.2.1;
						TestTargetID = 874EB12B2809D6070055D0F0;
					};
				};
			};
			buildConfigurationList = 874EB1272809D6070055D0F0 /* Build configuration list for PBXProject "IMDBProject" */;
			compatibilityVersion = "Xcode 13.0";
			developmentRegion = en;
			hasScannedForEncodings = 0;
			knownRegions = (
				en,
				Base,
			);
			mainGroup = 874EB1232809D6070055D0F0;
			productRefGroup = 874EB12D2809D6070055D0F0 /* Products */;
			projectDirPath = "";
			projectRoot = "";
			targets = (
				874EB12B2809D6070055D0F0 /* IMDBProject */,
				874EB1412809D60A0055D0F0 /* IMDBProjectTests */,
				874EB14B2809D60A0055D0F0 /* IMDBProjectUITests */,
			);
		};
/* End PBXProject section */

/* Begin PBXResourcesBuildPhase section */
		874EB12A2809D6070055D0F0 /* Resources */ = {
			isa = PBXResourcesBuildPhase;
			buildActionMask = 2147483647;
			files = (
				874EB13C2809D60A0055D0F0 /* LaunchScreen.storyboard in Resources */,
				874EB1392809D60A0055D0F0 /* Assets.xcassets in Resources */,
				874EB1372809D6070055D0F0 /* Main.storyboard in Resources */,
			);
			runOnlyForDeploymentPostprocessing = 0;
		};
		874EB1402809D60A0055D0F0 /* Resources */ = {
			isa = PBXResourcesBuildPhase;
			buildActionMask = 2147483647;
			files = (
			);
			runOnlyForDeploymentPostprocessing = 0;
		};
		874EB14A2809D60A0055D0F0 /* Resources */ = {
			isa = PBXResourcesBuildPhase;
			buildActionMask = 2147483647;
			files = (
			);
			runOnlyForDeploymentPostprocessing = 0;
		};
/* End PBXResourcesBuildPhase section */

/* Begin PBXSourcesBuildPhase section */
		874EB1282809D6070055D0F0 /* Sources */ = {
			isa = PBXSourcesBuildPhase;
			buildActionMask = 2147483647;
			files = (
				874EB1342809D6070055D0F0 /* ViewController.swift in Sources */,
				874EB1302809D6070055D0F0 /* AppDelegate.swift in Sources */,
				874EB1322809D6070055D0F0 /* SceneDelegate.swift in Sources */,
			);
			runOnlyForDeploymentPostprocessing = 0;
		};
		874EB13E2809D60A0055D0F0 /* Sources */ = {
			isa = PBXSourcesBuildPhase;
			buildActionMask = 2147483647;
			files = (
				874EB1472809D60A0055D0F0 /* IMDBProjectTests.swift in Sources */,
			);
			runOnlyForDeploymentPostprocessing = 0;
		};
		874EB1482809D60A0055D0F0 /* Sources */ = {
			isa = PBXSourcesBuildPhase;
			buildActionMask = 2147483647;
			files = (
				874EB1532809D60A0055D0F0 /* IMDBProjectUITestsLaunchTests.swift in Sources */,
				874EB1512809D60A0055D0F0 /* IMDBProjectUITests.swift in Sources */,
			);
			runOnlyForDeploymentPostprocessing = 0;
		};
/* End PBXSourcesBuildPhase section */

/* Begin PBXTargetDependency section */
		874EB1442809D60A0055D0F0 /* PBXTargetDependency */ = {
			isa = PBXTargetDependency;
			target = 874EB12B2809D6070055D0F0 /* IMDBProject */;
			targetProxy = 874EB1432809D60A0055D0F0 /* PBXContainerItemProxy */;
		};
		874EB14E2809D60A0055D0F0 /* PBXTargetDependency */ = {
			isa = PBXTargetDependency;
			target = 874EB12B2809D6070055D0F0 /* IMDBProject */;
			targetProxy = 874EB14D2809D60A0055D0F0 /* PBXContainerItemProxy */;
		};
/* End PBXTargetDependency section */

/* Begin PBXVariantGroup section */
		874EB1352809D6070055D0F0 /* Main.storyboard */ = {
			isa = PBXVariantGroup;
			children = (
				874EB1362809D6070055D0F0 /* Base */,
			);
			name = Main.storyboard;
			sourceTree = "<group>";
		};
		874EB13A2809D60A0055D0F0 /* LaunchScreen.storyboard */ = {
			isa = PBXVariantGroup;
			children = (
				874EB13B2809D60A0055D0F0 /* Base */,
			);
			name = LaunchScreen.storyboard;
			sourceTree = "<group>";
		};
/* End PBXVariantGroup section */

/* Begin XCBuildConfiguration section */
		874EB1542809D60A0055D0F0 /* Debug */ = {
			isa = XCBuildConfiguration;
			buildSettings = {
				ALWAYS_SEARCH_USER_PATHS = NO;
				CLANG_ANALYZER_NONNULL = YES;
				CLANG_ANALYZER_NUMBER_OBJECT_CONVERSION = YES_AGGRESSIVE;
				CLANG_CXX_LANGUAGE_STANDARD = "gnu++17";
				CLANG_CXX_LIBRARY = "libc++";
				CLANG_ENABLE_MODULES = YES;
				CLANG_ENABLE_OBJC_ARC = YES;
				CLANG_ENABLE_OBJC_WEAK = YES;
				CLANG_WARN_BLOCK_CAPTURE_AUTORELEASING = YES;
				CLANG_WARN_BOOL_CONVERSION = YES;
				CLANG_WARN_COMMA = YES;
				CLANG_WARN_CONSTANT_CONVERSION = YES;
				CLANG_WARN_DEPRECATED_OBJC_IMPLEMENTATIONS = YES;
				CLANG_WARN_DIRECT_OBJC_ISA_USAGE = YES_ERROR;
				CLANG_WARN_DOCUMENTATION_COMMENTS = YES;
				CLANG_WARN_EMPTY_BODY = YES;
				CLANG_WARN_ENUM_CONVERSION = YES;
				CLANG_WARN_INFINITE_RECURSION = YES;
				CLANG_WARN_INT_CONVERSION = YES;
				CLANG_WARN_NON_LITERAL_NULL_CONVERSION = YES;
				CLANG_WARN_OBJC_IMPLICIT_RETAIN_SELF = YES;
				CLANG_WARN_OBJC_LITERAL_CONVERSION = YES;
				CLANG_WARN_OBJC_ROOT_CLASS = YES_ERROR;
				CLANG_WARN_QUOTED_INCLUDE_IN_FRAMEWORK_HEADER = YES;
				CLANG_WARN_RANGE_LOOP_ANALYSIS = YES;
				CLANG_WARN_STRICT_PROTOTYPES = YES;
				CLANG_WARN_SUSPICIOUS_MOVE = YES;
				CLANG_WARN_UNGUARDED_AVAILABILITY = YES_AGGRESSIVE;
				CLANG_WARN_UNREACHABLE_CODE = YES;
				CLANG_WARN__DUPLICATE_METHOD_MATCH = YES;
				COPY_PHASE_STRIP = NO;
				DEBUG_INFORMATION_FORMAT = dwarf;
				ENABLE_STRICT_OBJC_MSGSEND = YES;
				ENABLE_TESTABILITY = YES;
				GCC_C_LANGUAGE_STANDARD = gnu11;
				GCC_DYNAMIC_NO_PIC = NO;
				GCC_NO_COMMON_BLOCKS = YES;
				GCC_OPTIMIZATION_LEVEL = 0;
				GCC_PREPROCESSOR_DEFINITIONS = (
					"DEBUG=1",
					"$(inherited)",
				);
				GCC_WARN_64_TO_32_BIT_CONVERSION = YES;
				GCC_WARN_ABOUT_RETURN_TYPE = YES_ERROR;
				GCC_WARN_UNDECLARED_SELECTOR = YES;
				GCC_WARN_UNINITIALIZED_AUTOS = YES_AGGRESSIVE;
				GCC_WARN_UNUSED_FUNCTION = YES;
				GCC_WARN_UNUSED_VARIABLE = YES;
				IPHONEOS_DEPLOYMENT_TARGET = 15.2;
				MTL_ENABLE_DEBUG_INFO = INCLUDE_SOURCE;
				MTL_FAST_MATH = YES;
				ONLY_ACTIVE_ARCH = YES;
				SDKROOT = iphoneos;
				SWIFT_ACTIVE_COMPILATION_CONDITIONS = DEBUG;
				SWIFT_OPTIMIZATION_LEVEL = "-Onone";
			};
			name = Debug;
		};
		874EB1552809D60A0055D0F0 /* Release */ = {
			isa = XCBuildConfiguration;
			buildSettings = {
				ALWAYS_SEARCH_USER_PATHS = NO;
				CLANG_ANALYZER_NONNULL = YES;
				CLANG_ANALYZER_NUMBER_OBJECT_CONVERSION = YES_AGGRESSIVE;
				CLANG_CXX_LANGUAGE_STANDARD = "gnu++17";
				CLANG_CXX_LIBRARY = "libc++";
				CLANG_ENABLE_MODULES = YES;
				CLANG_ENABLE_OBJC_ARC = YES;
				CLANG_ENABLE_OBJC_WEAK = YES;
				CLANG_WARN_BLOCK_CAPTURE_AUTORELEASING = YES;
				CLANG_WARN_BOOL_CONVERSION = YES;
				CLANG_WARN_COMMA = YES;
				CLANG_WARN_CONSTANT_CONVERSION = YES;
				CLANG_WARN_DEPRECATED_OBJC_IMPLEMENTATIONS = YES;
				CLANG_WARN_DIRECT_OBJC_ISA_USAGE = YES_ERROR;
				CLANG_WARN_DOCUMENTATION_COMMENTS = YES;
				CLANG_WARN_EMPTY_BODY = YES;
				CLANG_WARN_ENUM_CONVERSION = YES;
				CLANG_WARN_INFINITE_RECURSION = YES;
				CLANG_WARN_INT_CONVERSION = YES;
				CLANG_WARN_NON_LITERAL_NULL_CONVERSION = YES;
				CLANG_WARN_OBJC_IMPLICIT_RETAIN_SELF = YES;
				CLANG_WARN_OBJC_LITERAL_CONVERSION = YES;
				CLANG_WARN_OBJC_ROOT_CLASS = YES_ERROR;
				CLANG_WARN_QUOTED_INCLUDE_IN_FRAMEWORK_HEADER = YES;
				CLANG_WARN_RANGE_LOOP_ANALYSIS = YES;
				CLANG_WARN_STRICT_PROTOTYPES = YES;
				CLANG_WARN_SUSPICIOUS_MOVE = YES;
				CLANG_WARN_UNGUARDED_AVAILABILITY = YES_AGGRESSIVE;
				CLANG_WARN_UNREACHABLE_CODE = YES;
				CLANG_WARN__DUPLICATE_METHOD_MATCH = YES;
				COPY_PHASE_STRIP = NO;
				DEBUG_INFORMATION_FORMAT = "dwarf-with-dsym";
				ENABLE_NS_ASSERTIONS = NO;
				ENABLE_STRICT_OBJC_MSGSEND = YES;
				GCC_C_LANGUAGE_STANDARD = gnu11;
				GCC_NO_COMMON_BLOCKS = YES;
				GCC_WARN_64_TO_32_BIT_CONVERSION = YES;
				GCC_WARN_ABOUT_RETURN_TYPE = YES_ERROR;
				GCC_WARN_UNDECLARED_SELECTOR = YES;
				GCC_WARN_UNINITIALIZED_AUTOS = YES_AGGRESSIVE;
				GCC_WARN_UNUSED_FUNCTION = YES;
				GCC_WARN_UNUSED_VARIABLE = YES;
				IPHONEOS_DEPLOYMENT_TARGET = 15.2;
				MTL_ENABLE_DEBUG_INFO = NO;
				MTL_FAST_MATH = YES;
				SDKROOT = iphoneos;
				SWIFT_COMPILATION_MODE = wholemodule;
				SWIFT_OPTIMIZATION_LEVEL = "-O";
				VALIDATE_PRODUCT = YES;
			};
			name = Release;
		};
		874EB1572809D60A0055D0F0 /* Debug */ = {
			isa = XCBuildConfiguration;
			buildSettings = {
				ASSETCATALOG_COMPILER_APPICON_NAME = AppIcon;
				ASSETCATALOG_COMPILER_GLOBAL_ACCENT_COLOR_NAME = AccentColor;
				CODE_SIGN_STYLE = Automatic;
				CURRENT_PROJECT_VERSION = 1;
				DEVELOPMENT_TEAM = V6CZB46Y6J;
				GENERATE_INFOPLIST_FILE = YES;
				INFOPLIST_FILE = IMDBProject/Info.plist;
				INFOPLIST_KEY_UIApplicationSupportsIndirectInputEvents = YES;
				INFOPLIST_KEY_UILaunchStoryboardName = LaunchScreen;
				INFOPLIST_KEY_UIMainStoryboardFile = Main;
				INFOPLIST_KEY_UISupportedInterfaceOrientations_iPad = "UIInterfaceOrientationPortrait UIInterfaceOrientationPortraitUpsideDown UIInterfaceOrientationLandscapeLeft UIInterfaceOrientationLandscapeRight";
				INFOPLIST_KEY_UISupportedInterfaceOrientations_iPhone = "UIInterfaceOrientationPortrait UIInterfaceOrientationLandscapeLeft UIInterfaceOrientationLandscapeRight";
				LD_RUNPATH_SEARCH_PATHS = (
					"$(inherited)",
					"@executable_path/Frameworks",
				);
				MARKETING_VERSION = 1.0;
				PRODUCT_BUNDLE_IDENTIFIER = yakup.demir.IMDBProject;
				PRODUCT_NAME = "$(TARGET_NAME)";
				SWIFT_EMIT_LOC_STRINGS = YES;
				SWIFT_VERSION = 5.0;
				TARGETED_DEVICE_FAMILY = "1,2";
			};
			name = Debug;
		};
		874EB1582809D60A0055D0F0 /* Release */ = {
			isa = XCBuildConfiguration;
			buildSettings = {
				ASSETCATALOG_COMPILER_APPICON_NAME = AppIcon;
				ASSETCATALOG_COMPILER_GLOBAL_ACCENT_COLOR_NAME = AccentColor;
				CODE_SIGN_STYLE = Automatic;
				CURRENT_PROJECT_VERSION = 1;
				DEVELOPMENT_TEAM = V6CZB46Y6J;
				GENERATE_INFOPLIST_FILE = YES;
				INFOPLIST_FILE = IMDBProject/Info.plist;
				INFOPLIST_KEY_UIApplicationSupportsIndirectInputEvents = YES;
				INFOPLIST_KEY_UILaunchStoryboardName = LaunchScreen;
				INFOPLIST_KEY_UIMainStoryboardFile = Main;
				INFOPLIST_KEY_UISupportedInterfaceOrientations_iPad = "UIInterfaceOrientationPortrait UIInterfaceOrientationPortraitUpsideDown UIInterfaceOrientationLandscapeLeft UIInterfaceOrientationLandscapeRight";
				INFOPLIST_KEY_UISupportedInterfaceOrientations_iPhone = "UIInterfaceOrientationPortrait UIInterfaceOrientationLandscapeLeft UIInterfaceOrientationLandscapeRight";
				LD_RUNPATH_SEARCH_PATHS = (
					"$(inherited)",
					"@executable_path/Frameworks",
				);
				MARKETING_VERSION = 1.0;
				PRODUCT_BUNDLE_IDENTIFIER = yakup.demir.IMDBProject;
				PRODUCT_NAME = "$(TARGET_NAME)";
				SWIFT_EMIT_LOC_STRINGS = YES;
				SWIFT_VERSION = 5.0;
				TARGETED_DEVICE_FAMILY = "1,2";
			};
			name = Release;
		};
		874EB15A2809D60A0055D0F0 /* Debug */ = {
			isa = XCBuildConfiguration;
			buildSettings = {
				ALWAYS_EMBED_SWIFT_STANDARD_LIBRARIES = YES;
				BUNDLE_LOADER = "$(TEST_HOST)";
				CODE_SIGN_STYLE = Automatic;
				CURRENT_PROJECT_VERSION = 1;
				DEVELOPMENT_TEAM = V6CZB46Y6J;
				GENERATE_INFOPLIST_FILE = YES;
				IPHONEOS_DEPLOYMENT_TARGET = 15.2;
				MARKETING_VERSION = 1.0;
				PRODUCT_BUNDLE_IDENTIFIER = yakup.demir.IMDBProjectTests;
				PRODUCT_NAME = "$(TARGET_NAME)";
				SWIFT_EMIT_LOC_STRINGS = NO;
				SWIFT_VERSION = 5.0;
				TARGETED_DEVICE_FAMILY = "1,2";
				TEST_HOST = "$(BUILT_PRODUCTS_DIR)/IMDBProject.app/IMDBProject";
			};
			name = Debug;
		};
		874EB15B2809D60A0055D0F0 /* Release */ = {
			isa = XCBuildConfiguration;
			buildSettings = {
				ALWAYS_EMBED_SWIFT_STANDARD_LIBRARIES = YES;
				BUNDLE_LOADER = "$(TEST_HOST)";
				CODE_SIGN_STYLE = Automatic;
				CURRENT_PROJECT_VERSION = 1;
				DEVELOPMENT_TEAM = V6CZB46Y6J;
				GENERATE_INFOPLIST_FILE = YES;
				IPHONEOS_DEPLOYMENT_TARGET = 15.2;
				MARKETING_VERSION = 1.0;
				PRODUCT_BUNDLE_IDENTIFIER = yakup.demir.IMDBProjectTests;
				PRODUCT_NAME = "$(TARGET_NAME)";
				SWIFT_EMIT_LOC_STRINGS = NO;
				SWIFT_VERSION = 5.0;
				TARGETED_DEVICE_FAMILY = "1,2";
				TEST_HOST = "$(BUILT_PRODUCTS_DIR)/IMDBProject.app/IMDBProject";
			};
			name = Release;
		};
		874EB15D2809D60A0055D0F0 /* Debug */ = {
			isa = XCBuildConfiguration;
			buildSettings = {
				ALWAYS_EMBED_SWIFT_STANDARD_LIBRARIES = YES;
				CODE_SIGN_STYLE = Automatic;
				CURRENT_PROJECT_VERSION = 1;
				DEVELOPMENT_TEAM = V6CZB46Y6J;
				GENERATE_INFOPLIST_FILE = YES;
				MARKETING_VERSION = 1.0;
				PRODUCT_BUNDLE_IDENTIFIER = yakup.demir.IMDBProjectUITests;
				PRODUCT_NAME = "$(TARGET_NAME)";
				SWIFT_EMIT_LOC_STRINGS = NO;
				SWIFT_VERSION = 5.0;
				TARGETED_DEVICE_FAMILY = "1,2";
				TEST_TARGET_NAME = IMDBProject;
			};
			name = Debug;
		};
		874EB15E2809D60A0055D0F0 /* Release */ = {
			isa = XCBuildConfiguration;
			buildSettings = {
				ALWAYS_EMBED_SWIFT_STANDARD_LIBRARIES = YES;
				CODE_SIGN_STYLE = Automatic;
				CURRENT_PROJECT_VERSION = 1;
				DEVELOPMENT_TEAM = V6CZB46Y6J;
				GENERATE_INFOPLIST_FILE = YES;
				MARKETING_VERSION = 1.0;
				PRODUCT_BUNDLE_IDENTIFIER = yakup.demir.IMDBProjectUITests;
				PRODUCT_NAME = "$(TARGET_NAME)";
				SWIFT_EMIT_LOC_STRINGS = NO;
				SWIFT_VERSION = 5.0;
				TARGETED_DEVICE_FAMILY = "1,2";
				TEST_TARGET_NAME = IMDBProject;
			};
			name = Release;
		};
/* End XCBuildConfiguration section */

/* Begin XCConfigurationList section */
		874EB1272809D6070055D0F0 /* Build configuration list for PBXProject "IMDBProject" */ = {
			isa = XCConfigurationList;
			buildConfigurations = (
				874EB1542809D60A0055D0F0 /* Debug */,
				874EB1552809D60A0055D0F0 /* Release */,
			);
			defaultConfigurationIsVisible = 0;
			defaultConfigurationName = Release;
		};
		874EB1562809D60A0055D0F0 /* Build configuration list for PBXNativeTarget "IMDBProject" */ = {
			isa = XCConfigurationList;
			buildConfigurations = (
				874EB1572809D60A0055D0F0 /* Debug */,
				874EB1582809D60A0055D0F0 /* Release */,
			);
			defaultConfigurationIsVisible = 0;
			defaultConfigurationName = Release;
		};
		874EB1592809D60A0055D0F0 /* Build configuration list for PBXNativeTarget "IMDBProjectTests" */ = {
			isa = XCConfigurationList;
			buildConfigurations = (
				874EB15A2809D60A0055D0F0 /* Debug */,
				874EB15B2809D60A0055D0F0 /* Release */,
			);
			defaultConfigurationIsVisible = 0;
			defaultConfigurationName = Release;
		};
		874EB15C2809D60A0055D0F0 /* Build configuration list for PBXNativeTarget "IMDBProjectUITests" */ = {
			isa = XCConfigurationList;
			buildConfigurations = (
				874EB15D2809D60A0055D0F0 /* Debug */,
				874EB15E2809D60A0055D0F0 /* Release */,
			);
			defaultConfigurationIsVisible = 0;
			defaultConfigurationName = Release;
		};
/* End XCConfigurationList section */
	};
	rootObject = 874EB1242809D6070055D0F0 /* Project object */;
}
